<?xml version="1.0" encoding="utf-8"?>
<Project ToolsVersion="4.0" xmlns="http://schemas.microsoft.com/developer/msbuild/2003">
  <ItemGroup>
    <Filter Include="Engine">
      <UniqueIdentifier>{ccac241b-1a8b-4f1c-91f8-a62ed4cc6a6c}</UniqueIdentifier>
    </Filter>
    <Filter Include="Default">
      <UniqueIdentifier>{fdaef671-1a88-4ee4-9417-5a4830fe2cf9}</UniqueIdentifier>
    </Filter>
    <Filter Include="Default\리소스 파일">
      <UniqueIdentifier>{67DA6AB6-F800-4c08-8B7A-83BB121AAD01}</UniqueIdentifier>
      <Extensions>rc;ico;cur;bmp;dlg;rc2;rct;bin;rgs;gif;jpg;jpeg;jpe;resx;tiff;tif;png;wav;mfcribbon-ms</Extensions>
    </Filter>
    <Filter Include="Engine\01.Header">
      <UniqueIdentifier>{e03cb339-0d7d-4e84-8576-609bc392717a}</UniqueIdentifier>
    </Filter>
    <Filter Include="Engine\03. Manager">
      <UniqueIdentifier>{5acca65f-b531-4c12-8261-d2266c32bc79}</UniqueIdentifier>
    </Filter>
    <Filter Include="Engine\02.Core">
      <UniqueIdentifier>{504ad105-511e-41a8-9b6f-59f659ea7f6b}</UniqueIdentifier>
    </Filter>
    <Filter Include="Engine\03. Manager\KeyMgr">
      <UniqueIdentifier>{ac65da5d-482c-4dec-a960-a89fb5a382d6}</UniqueIdentifier>
    </Filter>
    <Filter Include="Engine\04. Object">
      <UniqueIdentifier>{8e2736f2-20fa-4cb6-9bf9-1e7b58a40edf}</UniqueIdentifier>
    </Filter>
    <Filter Include="Engine\03. Manager\TimerMgr">
      <UniqueIdentifier>{904a715e-37d3-4d06-9595-2145b3541272}</UniqueIdentifier>
    </Filter>
    <Filter Include="Engine\05. Scene">
      <UniqueIdentifier>{878b60a4-5e26-45b8-83f2-6d0a4c0d78b6}</UniqueIdentifier>
    </Filter>
    <Filter Include="Engine\03. Manager\SceneMgr">
      <UniqueIdentifier>{bee983c2-faa6-444f-8fd7-d0435ebe0c71}</UniqueIdentifier>
    </Filter>
    <Filter Include="Engine\05. Scene\Scene_Start">
      <UniqueIdentifier>{9dea839d-552c-437b-bcd0-356b0f0f2847}</UniqueIdentifier>
    </Filter>
    <Filter Include="Engine\05. Scene\Scene_Tool">
      <UniqueIdentifier>{ab94f4e7-5401-4ecb-a3d3-a20f50dfce75}</UniqueIdentifier>
    </Filter>
    <Filter Include="Engine\04. Object\Player">
      <UniqueIdentifier>{75c29e63-9577-466f-9e40-8753621bf7b6}</UniqueIdentifier>
    </Filter>
    <Filter Include="Engine\04. Object\Projectile">
      <UniqueIdentifier>{03f6ab5f-3dd4-4e6e-9900-58bef6a307e2}</UniqueIdentifier>
    </Filter>
    <Filter Include="Engine\04. Object\Projectile\Missile">
      <UniqueIdentifier>{8502987a-08ef-4692-b871-b5ce25ee16f6}</UniqueIdentifier>
    </Filter>
    <Filter Include="Engine\06. Resource">
      <UniqueIdentifier>{738c3be8-83bd-4f1d-b14f-17e6478ab0a1}</UniqueIdentifier>
    </Filter>
    <Filter Include="Engine\06. Resource\Sound">
      <UniqueIdentifier>{33d538db-507a-43e1-9a11-9316968b5b3d}</UniqueIdentifier>
    </Filter>
    <Filter Include="Engine\06. Resource\Texture">
      <UniqueIdentifier>{8f299666-ab20-4a23-9bf8-07304aa4d006}</UniqueIdentifier>
    </Filter>
    <Filter Include="Engine\03. Manager\PathMgr">
      <UniqueIdentifier>{2a9a2d91-24f2-4057-a72f-6d1b41dcae80}</UniqueIdentifier>
    </Filter>
    <Filter Include="Engine\03. Manager\ResourceMgr">
      <UniqueIdentifier>{78dcb157-79bd-4114-bc43-5538c51c66d6}</UniqueIdentifier>
    </Filter>
    <Filter Include="Engine\07. Component">
      <UniqueIdentifier>{9ac826a0-d3ef-4b4d-9a0e-bc3bcfe19ded}</UniqueIdentifier>
    </Filter>
    <Filter Include="Engine\08. Module">
      <UniqueIdentifier>{960c59d9-ac32-4a44-bba6-ba39e022c1d8}</UniqueIdentifier>
    </Filter>
    <Filter Include="Engine\03. Manager\CollisionMgr">
      <UniqueIdentifier>{04810ffe-fd0e-43fa-a59b-e16d1cbd4510}</UniqueIdentifier>
    </Filter>
    <Filter Include="Engine\03. Manager\EventMgr">
      <UniqueIdentifier>{9fc70802-d651-4683-b58b-35d82768c689}</UniqueIdentifier>
    </Filter>
    <Filter Include="Engine\04. Object\Monster">
      <UniqueIdentifier>{ca7fcce8-108e-4ef4-a640-2c940990c602}</UniqueIdentifier>
    </Filter>
    <Filter Include="Engine\07. Component\Collider">
      <UniqueIdentifier>{25b1eb72-0a48-434f-aed2-c8eb6f4b93c8}</UniqueIdentifier>
    </Filter>
    <Filter Include="Engine\07. Component\Animator">
      <UniqueIdentifier>{fda30f45-ea42-43bb-99ab-a1b331097ac1}</UniqueIdentifier>
    </Filter>
    <Filter Include="Engine\07. Component\Animator\Animations">
      <UniqueIdentifier>{d0a931ca-0c2b-4e41-9615-391e485c61c9}</UniqueIdentifier>
    </Filter>
    <Filter Include="Engine\03. Manager\Camera">
      <UniqueIdentifier>{e0aede97-1600-484a-9a26-681b23b48ab6}</UniqueIdentifier>
    </Filter>
    <Filter Include="Engine\04. Object\Tile">
      <UniqueIdentifier>{cbc1c73b-8688-4e23-8c3e-cb7442cbcde3}</UniqueIdentifier>
    </Filter>
    <Filter Include="Engine\04. Object\UI">
      <UniqueIdentifier>{79071151-04fe-4b27-b3f8-663310430e1a}</UniqueIdentifier>
    </Filter>
    <Filter Include="Engine\03. Manager\UIMgr">
      <UniqueIdentifier>{b94457c2-ae8d-4ba5-8667-bbc555a1088d}</UniqueIdentifier>
    </Filter>
    <Filter Include="Engine\04. Object\UI\PanelUI">
      <UniqueIdentifier>{3145942c-b289-4c49-8c13-894765fadd54}</UniqueIdentifier>
    </Filter>
    <Filter Include="Engine\04. Object\UI\ButtonUI">
      <UniqueIdentifier>{8821b8b3-258d-426e-be98-5a644457180e}</UniqueIdentifier>
    </Filter>
    <Filter Include="Engine\08. Module\AI">
      <UniqueIdentifier>{2c05f620-d4c4-4700-86b2-53fa3c18abc7}</UniqueIdentifier>
    </Filter>
    <Filter Include="Engine\08. Module\AI\State">
      <UniqueIdentifier>{3bcfe47e-bb3d-470d-bc41-24f271101520}</UniqueIdentifier>
    </Filter>
    <Filter Include="Engine\08. Module\AI\State\Idle">
      <UniqueIdentifier>{3b91fd5d-c175-4e31-8106-d9d5b67adc84}</UniqueIdentifier>
    </Filter>
    <Filter Include="Engine\08. Module\AI\State\Attack">
      <UniqueIdentifier>{c16b47a5-7571-4180-9983-0be1acfb9644}</UniqueIdentifier>
    </Filter>
    <Filter Include="Engine\08. Module\AI\State\Dead">
      <UniqueIdentifier>{6afae0e7-5e0e-4072-bb9e-09cc484f654b}</UniqueIdentifier>
    </Filter>
    <Filter Include="Engine\08. Module\AI\State\Trace">
      <UniqueIdentifier>{0333ccd4-ede4-490d-bc56-3a83e0f71a76}</UniqueIdentifier>
    </Filter>
    <Filter Include="Engine\09. Factory">
      <UniqueIdentifier>{56166acc-e44d-49f9-af5f-7c6cedee2d4c}</UniqueIdentifier>
    </Filter>
    <Filter Include="Engine\09. Factory\Monster Factory">
      <UniqueIdentifier>{b6fd8418-e0fe-4bfd-9b07-016a3ec6ac51}</UniqueIdentifier>
    </Filter>
    <Filter Include="Engine\07. Component\RigidBody">
      <UniqueIdentifier>{cdc82779-361d-45d6-adad-a10081a04acc}</UniqueIdentifier>
    </Filter>
    <Filter Include="Engine\04. Object\Ground">
      <UniqueIdentifier>{5193307e-5d0e-4529-ab30-08d2b822fae1}</UniqueIdentifier>
    </Filter>
    <Filter Include="Engine\07. Component\StateMachine">
      <UniqueIdentifier>{c00d509f-6720-4418-9666-c42a35bfc2e7}</UniqueIdentifier>
    </Filter>
  </ItemGroup>
  <ItemGroup>
    <ClInclude Include="DawnProject.h">
      <Filter>Default</Filter>
    </ClInclude>
    <ClInclude Include="framework.h">
      <Filter>Default</Filter>
    </ClInclude>
    <ClInclude Include="Resource.h">
      <Filter>Default</Filter>
    </ClInclude>
    <ClInclude Include="targetver.h">
      <Filter>Default</Filter>
    </ClInclude>
    <ClInclude Include="CCore.h">
      <Filter>Engine\02.Core</Filter>
    </ClInclude>
    <ClInclude Include="define.h">
      <Filter>Engine\01.Header</Filter>
    </ClInclude>
    <ClInclude Include="CKeyMgr.h">
      <Filter>Engine\03. Manager\KeyMgr</Filter>
    </ClInclude>
    <ClInclude Include="struct.h">
      <Filter>Engine\01.Header</Filter>
    </ClInclude>
    <ClInclude Include="CTimeMgr.h">
      <Filter>Engine\03. Manager\TimerMgr</Filter>
    </ClInclude>
    <ClInclude Include="CSceneMgr.h">
      <Filter>Engine\03. Manager\SceneMgr</Filter>
    </ClInclude>
    <ClInclude Include="CScene_Start.h">
      <Filter>Engine\05. Scene\Scene_Start</Filter>
    </ClInclude>
    <ClInclude Include="pch.h">
      <Filter>Engine</Filter>
    </ClInclude>
    <ClInclude Include="CPlayer.h">
      <Filter>Engine\04. Object\Player</Filter>
    </ClInclude>
    <ClInclude Include="CObject.h">
      <Filter>Engine\04. Object</Filter>
    </ClInclude>
    <ClInclude Include="CProjectile.h">
      <Filter>Engine\04. Object\Projectile</Filter>
    </ClInclude>
    <ClInclude Include="CRes.h">
      <Filter>Engine\06. Resource</Filter>
    </ClInclude>
    <ClInclude Include="CSound.h">
      <Filter>Engine\06. Resource\Sound</Filter>
    </ClInclude>
    <ClInclude Include="CTexture.h">
      <Filter>Engine\06. Resource\Texture</Filter>
    </ClInclude>
    <ClInclude Include="CPathMgr.h">
      <Filter>Engine\03. Manager\PathMgr</Filter>
    </ClInclude>
    <ClInclude Include="CResMgr.h">
      <Filter>Engine\03. Manager\ResourceMgr</Filter>
    </ClInclude>
    <ClInclude Include="CCollisionMgr.h">
      <Filter>Engine\03. Manager\CollisionMgr</Filter>
    </ClInclude>
    <ClInclude Include="CEventMgr.h">
      <Filter>Engine\03. Manager\EventMgr</Filter>
    </ClInclude>
    <ClInclude Include="func.h">
      <Filter>Engine\01.Header</Filter>
    </ClInclude>
    <ClInclude Include="CMonster.h">
      <Filter>Engine\04. Object\Monster</Filter>
    </ClInclude>
    <ClInclude Include="CScene.h">
      <Filter>Engine\05. Scene</Filter>
    </ClInclude>
    <ClInclude Include="CScene_Tool.h">
      <Filter>Engine\05. Scene\Scene_Tool</Filter>
    </ClInclude>
    <ClInclude Include="CCollider.h">
      <Filter>Engine\07. Component\Collider</Filter>
    </ClInclude>
    <ClInclude Include="CAnimator.h">
      <Filter>Engine\07. Component\Animator</Filter>
    </ClInclude>
    <ClInclude Include="CAnimation.h">
      <Filter>Engine\07. Component\Animator\Animations</Filter>
    </ClInclude>
    <ClInclude Include="CCamera.h">
      <Filter>Engine\03. Manager\Camera</Filter>
    </ClInclude>
    <ClInclude Include="CTile.h">
      <Filter>Engine\04. Object\Tile</Filter>
    </ClInclude>
    <ClInclude Include="global.h">
      <Filter>Engine\01.Header</Filter>
    </ClInclude>
    <ClInclude Include="CUI.h">
      <Filter>Engine\04. Object\UI</Filter>
    </ClInclude>
    <ClInclude Include="CUIMgr.h">
      <Filter>Engine\03. Manager\UIMgr</Filter>
    </ClInclude>
    <ClInclude Include="CPanelUI.h">
      <Filter>Engine\04. Object\UI\PanelUI</Filter>
    </ClInclude>
    <ClInclude Include="CButtonUI.h">
      <Filter>Engine\04. Object\UI\ButtonUI</Filter>
    </ClInclude>
    <ClInclude Include="AI.h">
      <Filter>Engine\08. Module\AI</Filter>
    </ClInclude>
    <ClInclude Include="CState.h">
      <Filter>Engine\08. Module\AI\State</Filter>
    </ClInclude>
    <ClInclude Include="CIdleState.h">
      <Filter>Engine\08. Module\AI\State\Idle</Filter>
    </ClInclude>
    <ClInclude Include="CTraceState.h">
      <Filter>Engine\08. Module\AI\State\Trace</Filter>
    </ClInclude>
    <ClInclude Include="SelectGDI.h">
      <Filter>Engine\08. Module</Filter>
    </ClInclude>
    <ClInclude Include="CMonsterFactory.h">
      <Filter>Engine\09. Factory\Monster Factory</Filter>
    </ClInclude>
    <ClInclude Include="CRigidBody.h">
      <Filter>Engine\07. Component\RigidBody</Filter>
    </ClInclude>
    <ClInclude Include="CGround.h">
      <Filter>Engine\04. Object\Ground</Filter>
    </ClInclude>
    <ClInclude Include="CComponent.h">
      <Filter>Engine\07. Component</Filter>
    </ClInclude>
    <ClInclude Include="CStateMachine.h">
      <Filter>Engine\07. Component\StateMachine</Filter>
    </ClInclude>
  </ItemGroup>
  <ItemGroup>
    <ClCompile Include="CCore.cpp">
      <Filter>Engine\02.Core</Filter>
    </ClCompile>
    <ClCompile Include="CKeyMgr.cpp">
      <Filter>Engine\03. Manager\KeyMgr</Filter>
    </ClCompile>
    <ClCompile Include="DawnProject.cpp">
      <Filter>Engine</Filter>
    </ClCompile>
    <ClCompile Include="CTimeMgr.cpp">
      <Filter>Engine\03. Manager\TimerMgr</Filter>
    </ClCompile>
    <ClCompile Include="CSceneMgr.cpp">
      <Filter>Engine\03. Manager\SceneMgr</Filter>
    </ClCompile>
    <ClCompile Include="CScene_Start.cpp">
      <Filter>Engine\05. Scene\Scene_Start</Filter>
    </ClCompile>
    <ClCompile Include="CPlayer.cpp">
      <Filter>Engine\04. Object\Player</Filter>
    </ClCompile>
    <ClCompile Include="CObject.cpp">
      <Filter>Engine\04. Object</Filter>
    </ClCompile>
    <ClCompile Include="CProjectile.cpp">
      <Filter>Engine\04. Object\Projectile</Filter>
    </ClCompile>
    <ClCompile Include="CRes.cpp">
      <Filter>Engine\06. Resource</Filter>
    </ClCompile>
    <ClCompile Include="CSound.cpp">
      <Filter>Engine\06. Resource\Sound</Filter>
    </ClCompile>
    <ClCompile Include="CTexture.cpp">
      <Filter>Engine\06. Resource\Texture</Filter>
    </ClCompile>
    <ClCompile Include="CPathMgr.cpp">
      <Filter>Engine\03. Manager\PathMgr</Filter>
    </ClCompile>
    <ClCompile Include="CResMgr.cpp">
      <Filter>Engine\03. Manager\ResourceMgr</Filter>
    </ClCompile>
    <ClCompile Include="CCollisionMgr.cpp">
      <Filter>Engine\03. Manager\CollisionMgr</Filter>
    </ClCompile>
    <ClCompile Include="CEventMgr.cpp">
      <Filter>Engine\03. Manager\EventMgr</Filter>
    </ClCompile>
    <ClCompile Include="func.cpp">
      <Filter>Engine\01.Header</Filter>
    </ClCompile>
    <ClCompile Include="CMonster.cpp">
      <Filter>Engine\04. Object\Monster</Filter>
    </ClCompile>
    <ClCompile Include="CScene.cpp">
      <Filter>Engine\05. Scene</Filter>
    </ClCompile>
    <ClCompile Include="CScene_Tool.cpp">
      <Filter>Engine\05. Scene\Scene_Tool</Filter>
    </ClCompile>
    <ClCompile Include="CCollider.cpp">
      <Filter>Engine\07. Component\Collider</Filter>
    </ClCompile>
    <ClCompile Include="CAnimator.cpp">
      <Filter>Engine\07. Component\Animator</Filter>
    </ClCompile>
    <ClCompile Include="CAnimation.cpp">
      <Filter>Engine\07. Component\Animator\Animations</Filter>
    </ClCompile>
    <ClCompile Include="CCamera.cpp">
      <Filter>Engine\03. Manager\Camera</Filter>
    </ClCompile>
    <ClCompile Include="CTile.cpp">
      <Filter>Engine\04. Object\Tile</Filter>
    </ClCompile>
    <ClCompile Include="CUI.cpp">
      <Filter>Engine\04. Object\UI</Filter>
    </ClCompile>
    <ClCompile Include="CUIMgr.cpp">
      <Filter>Engine\03. Manager\UIMgr</Filter>
    </ClCompile>
    <ClCompile Include="CPanelUI.cpp">
      <Filter>Engine\04. Object\UI\PanelUI</Filter>
    </ClCompile>
    <ClCompile Include="CButtonUI.cpp">
      <Filter>Engine\04. Object\UI\ButtonUI</Filter>
    </ClCompile>
    <ClCompile Include="AI.cpp">
      <Filter>Engine\08. Module\AI</Filter>
    </ClCompile>
    <ClCompile Include="CState.cpp">
      <Filter>Engine\08. Module\AI\State</Filter>
    </ClCompile>
    <ClCompile Include="CIdleState.cpp">
      <Filter>Engine\08. Module\AI\State\Idle</Filter>
    </ClCompile>
    <ClCompile Include="CTraceState.cpp">
      <Filter>Engine\08. Module\AI\State\Trace</Filter>
    </ClCompile>
    <ClCompile Include="SelectGDI.cpp">
      <Filter>Engine\08. Module</Filter>
    </ClCompile>
    <ClCompile Include="CMonsterFactory.cpp">
      <Filter>Engine\09. Factory\Monster Factory</Filter>
    </ClCompile>
    <ClCompile Include="CRigidBody.cpp">
      <Filter>Engine\07. Component\RigidBody</Filter>
    </ClCompile>
    <ClCompile Include="CGround.cpp">
      <Filter>Engine\04. Object\Ground</Filter>
    </ClCompile>
    <ClCompile Include="CComponent.cpp">
      <Filter>Engine\07. Component</Filter>
    </ClCompile>
    <ClCompile Include="CStateMachine.cpp">
      <Filter>Engine\07. Component\StateMachine</Filter>
    </ClCompile>
  </ItemGroup>
  <ItemGroup>
    <ResourceCompile Include="DawnProject.rc">
      <Filter>Default\리소스 파일</Filter>
    </ResourceCompile>
  </ItemGroup>
  <ItemGroup>
    <Image Include="small.ico">
      <Filter>Default\리소스 파일</Filter>
    </Image>
    <Image Include="DawnProject.ico">
      <Filter>Default\리소스 파일</Filter>
    </Image>
  </ItemGroup>
</Project>